
Microsoft Visual Studio Solution File, Format Version 12.00
# Visual Studio Version 17
VisualStudioVersion = 17.7.34024.191
MinimumVisualStudioVersion = 10.0.40219.1
Project("{FAE04EC0-301F-11D3-BF4B-00C04F79EFBC}") = "Week13SQliteDB", "Week13SQliteDB\Week13SQliteDB.csproj", "{67EAD91B-AB2F-4E98-800A-725FBF50A507}"
EndProject
Global
	GlobalSection(SolutionConfigurationPlatforms) = preSolution
		Debug|Any CPU = Debug|Any CPU
		Release|Any CPU = Release|Any CPU
	EndGlobalSection
	GlobalSection(ProjectConfigurationPlatforms) = postSolution
		{67EAD91B-AB2F-4E98-800A-725FBF50A507}.Debug|Any CPU.ActiveCfg = Debug|Any CPU
		{67EAD91B-AB2F-4E98-800A-725FBF50A507}.Debug|Any CPU.Build.0 = Debug|Any CPU
		{67EAD91B-AB2F-4E98-800A-725FBF50A507}.Release|Any CPU.ActiveCfg = Release|Any CPU
		{67EAD91B-AB2F-4E98-800A-725FBF50A507}.Release|Any CPU.Build.0 = Release|Any CPU
	EndGlobalSection
	GlobalSection(SolutionProperties) = preSolution
		HideSolutionNode = FALSE
	EndGlobalSection
	GlobalSection(ExtensibilityGlobals) = postSolution
		SolutionGuid = {68EC0616-3789-41CA-BC60-6D113875DCBD}
	EndGlobalSection
EndGlobal
